
Microsoft Visual Studio Solution File, Format Version 12.00
# Visual Studio Version 17
VisualStudioVersion = 17.13.35828.75 d17.13
MinimumVisualStudioVersion = 10.0.40219.1
Project("{FAE04EC0-301F-11D3-BF4B-00C04F79EFBC}") = "e-commerce system", "e-commerce system\e-commerce system.csproj", "{44C25253-B1E2-43F6-A9F0-0A7389DB3B55}"
EndProject
Global
	GlobalSection(SolutionConfigurationPlatforms) = preSolution
		Debug|Any CPU = Debug|Any CPU
		Release|Any CPU = Release|Any CPU
	EndGlobalSection
	GlobalSection(ProjectConfigurationPlatforms) = postSolution
		{44C25253-B1E2-43F6-A9F0-0A7389DB3B55}.Debug|Any CPU.ActiveCfg = Debug|Any CPU
		{44C25253-B1E2-43F6-A9F0-0A7389DB3B55}.Debug|Any CPU.Build.0 = Debug|Any CPU
		{44C25253-B1E2-43F6-A9F0-0A7389DB3B55}.Release|Any CPU.ActiveCfg = Release|Any CPU
		{44C25253-B1E2-43F6-A9F0-0A7389DB3B55}.Release|Any CPU.Build.0 = Release|Any CPU
	EndGlobalSection
	GlobalSection(SolutionProperties) = preSolution
		HideSolutionNode = FALSE
	EndGlobalSection
	GlobalSection(ExtensibilityGlobals) = postSolution
		SolutionGuid = {60EE6687-1A73-4B89-B1A1-3AF37A42E213}
	EndGlobalSection
EndGlobal
